
Microsoft Visual Studio Solution File, Format Version 12.00
# Visual Studio Version 16
VisualStudioVersion = 16.0.29911.84
MinimumVisualStudioVersion = 10.0.40219.1
Project("{FAE04EC0-301F-11D3-BF4B-00C04F79EFBC}") = "knijarnica", "knijarnica\knijarnica.csproj", "{998134A6-9076-4D1D-810D-25C7F71C0C89}"
EndProject
Global
	GlobalSection(SolutionConfigurationPlatforms) = preSolution
		Debug|Any CPU = Debug|Any CPU
		Release|Any CPU = Release|Any CPU
	EndGlobalSection
	GlobalSection(ProjectConfigurationPlatforms) = postSolution
		{998134A6-9076-4D1D-810D-25C7F71C0C89}.Debug|Any CPU.ActiveCfg = Debug|Any CPU
		{998134A6-9076-4D1D-810D-25C7F71C0C89}.Debug|Any CPU.Build.0 = Debug|Any CPU
		{998134A6-9076-4D1D-810D-25C7F71C0C89}.Release|Any CPU.ActiveCfg = Release|Any CPU
		{998134A6-9076-4D1D-810D-25C7F71C0C89}.Release|Any CPU.Build.0 = Release|Any CPU
	EndGlobalSection
	GlobalSection(SolutionProperties) = preSolution
		HideSolutionNode = FALSE
	EndGlobalSection
	GlobalSection(ExtensibilityGlobals) = postSolution
		SolutionGuid = {652398F5-9919-46BA-86F2-B0959BFCA6FD}
	EndGlobalSection
EndGlobal
